Microsoft Visual Studio Solution File, Format Version 12.00
# Visual Studio Version 17
VisualStudioVersion = 17.5.2.0
MinimumVisualStudioVersion = 10.0.40219.1
Project("{FAE04EC0-301F-11D3-BF4B-00C04F79EFBC}") = "code-review-trainer-service", "code-review-trainer-service\code-review-trainer-service.csproj", "{A084B3A3-D362-1AA0-3718-C375D4F58CE3}"
EndProject
Global
	GlobalSection(SolutionConfigurationPlatforms) = preSolution
		Debug|Any CPU = Debug|Any CPU
		Release|Any CPU = Release|Any CPU
	EndGlobalSection
	GlobalSection(ProjectConfigurationPlatforms) = postSolution
		{A084B3A3-D362-1AA0-3718-C375D4F58CE3}.Debug|Any CPU.ActiveCfg = Debug|Any CPU
		{A084B3A3-D362-1AA0-3718-C375D4F58CE3}.Debug|Any CPU.Build.0 = Debug|Any CPU
		{A084B3A3-D362-1AA0-3718-C375D4F58CE3}.Release|Any CPU.ActiveCfg = Release|Any CPU
		{A084B3A3-D362-1AA0-3718-C375D4F58CE3}.Release|Any CPU.Build.0 = Release|Any CPU
	EndGlobalSection
	GlobalSection(SolutionProperties) = preSolution
		HideSolutionNode = FALSE
	EndGlobalSection
	GlobalSection(ExtensibilityGlobals) = postSolution
		SolutionGuid = {8D1D7CFB-9BF9-47B4-A893-AD831CA9F192}
	EndGlobalSection
EndGlobal
